# This file is @generated by PDM.
# It is not intended for manual editing.

[metadata]
groups = ["default"]
strategy = ["inherit_metadata"]
lock_version = "4.5.0"
content_hash = "sha256:5e86f537f04c413e1ae880b74cc0ddbde0cac75b48683e80298d9a986d7e06c5"

[[metadata.targets]]
requires_python = "==3.12.*"
